// !$*UTF8*$!
{
	archiveVersion = 1;
	classes = {
	};
	objectVersion = 50;
	objects = {

/* Begin PBXBuildFile section */
		D4255EEE2515F0F8001C2C57 /* ListCars.swift in Sources */ = {isa = PBXBuildFile; fileRef = D4255EED2515F0F8001C2C57 /* ListCars.swift */; };
		D45617632513C847003BF42A /* CoreDataManager.swift in Sources */ = {isa = PBXBuildFile; fileRef = D45617622513C847003BF42A /* CoreDataManager.swift */; };
		D45617662513C9B7003BF42A /* CoreData+Extension.swift in Sources */ = {isa = PBXBuildFile; fileRef = D45617652513C9B7003BF42A /* CoreData+Extension.swift */; };
		D45617692513D994003BF42A /* CarDetail.swift in Sources */ = {isa = PBXBuildFile; fileRef = D45617682513D994003BF42A /* CarDetail.swift */; };
		D4B9CEED25127FEE00ECF0C7 /* demo.swift in Sources */ = {isa = PBXBuildFile; fileRef = D4B9CEEC25127FEE00ECF0C7 /* demo.swift */; };
		D4DB5EBB25122F6C00FF014C /* AppDelegate.swift in Sources */ = {isa = PBXBuildFile; fileRef = D4DB5EBA25122F6C00FF014C /* AppDelegate.swift */; };
		D4DB5EBD25122F6C00FF014C /* SceneDelegate.swift in Sources */ = {isa = PBXBuildFile; fileRef = D4DB5EBC25122F6C00FF014C /* SceneDelegate.swift */; };
		D4DB5EC025122F6C00FF014C /* CarsApp.xcdatamodeld in Sources */ = {isa = PBXBuildFile; fileRef = D4DB5EBE25122F6C00FF014C /* CarsApp.xcdatamodeld */; };
		D4DB5EC225122F6C00FF014C /* ContentView.swift in Sources */ = {isa = PBXBuildFile; fileRef = D4DB5EC125122F6C00FF014C /* ContentView.swift */; };
		D4DB5EC425122F6D00FF014C /* Assets.xcassets in Resources */ = {isa = PBXBuildFile; fileRef = D4DB5EC325122F6D00FF014C /* Assets.xcassets */; };
		D4DB5EC725122F6D00FF014C /* Preview Assets.xcassets in Resources */ = {isa = PBXBuildFile; fileRef = D4DB5EC625122F6D00FF014C /* Preview Assets.xcassets */; };
		D4DB5ECA25122F6D00FF014C /* LaunchScreen.storyboard in Resources */ = {isa = PBXBuildFile; fileRef = D4DB5EC825122F6D00FF014C /* LaunchScreen.storyboard */; };
		D4DB5ED225122F8900FF014C /* AddCarView.swift in Sources */ = {isa = PBXBuildFile; fileRef = D4DB5ED125122F8900FF014C /* AddCarView.swift */; };
		D4DC4B9525124106009DBD2B /* CarRow.swift in Sources */ = {isa = PBXBuildFile; fileRef = D4DC4B9425124106009DBD2B /* CarRow.swift */; };
/* End PBXBuildFile section */

/* Begin PBXFileReference section */
		D4255EED2515F0F8001C2C57 /* ListCars.swift */ = {isa = PBXFileReference; lastKnownFileType = sourcecode.swift; path = ListCars.swift; sourceTree = "<group>"; };
		D45617622513C847003BF42A /* CoreDataManager.swift */ = {isa = PBXFileReference; lastKnownFileType = sourcecode.swift; path = CoreDataManager.swift; sourceTree = "<group>"; };
		D45617652513C9B7003BF42A /* CoreData+Extension.swift */ = {isa = PBXFileReference; lastKnownFileType = sourcecode.swift; path = "CoreData+Extension.swift"; sourceTree = "<group>"; };
		D45617682513D994003BF42A /* CarDetail.swift */ = {isa = PBXFileReference; lastKnownFileType = sourcecode.swift; path = CarDetail.swift; sourceTree = "<group>"; };
		D4B9CEEC25127FEE00ECF0C7 /* demo.swift */ = {isa = PBXFileReference; lastKnownFileType = sourcecode.swift; path = demo.swift; sourceTree = "<group>"; };
		D4DB5EB725122F6C00FF014C /* CarsApp.app */ = {isa = PBXFileReference; explicitFileType = wrapper.application; includeInIndex = 0; path = CarsApp.app; sourceTree = BUILT_PRODUCTS_DIR; };
		D4DB5EBA25122F6C00FF014C /* AppDelegate.swift */ = {isa = PBXFileReference; lastKnownFileType = sourcecode.swift; path = AppDelegate.swift; sourceTree = "<group>"; };
		D4DB5EBC25122F6C00FF014C /* SceneDelegate.swift */ = {isa = PBXFileReference; lastKnownFileType = sourcecode.swift; path = SceneDelegate.swift; sourceTree = "<group>"; };
		D4DB5EBF25122F6C00FF014C /* CarsApp.xcdatamodel */ = {isa = PBXFileReference; lastKnownFileType = wrapper.xcdatamodel; path = CarsApp.xcdatamodel; sourceTree = "<group>"; };
		D4DB5EC125122F6C00FF014C /* ContentView.swift */ = {isa = PBXFileReference; lastKnownFileType = sourcecode.swift; path = ContentView.swift; sourceTree = "<group>"; };
		D4DB5EC325122F6D00FF014C /* Assets.xcassets */ = {isa = PBXFileReference; lastKnownFileType = folder.assetcatalog; path = Assets.xcassets; sourceTree = "<group>"; };
		D4DB5EC625122F6D00FF014C /* Preview Assets.xcassets */ = {isa = PBXFileReference; lastKnownFileType = folder.assetcatalog; path = "Preview Assets.xcassets"; sourceTree = "<group>"; };
		D4DB5EC925122F6D00FF014C /* Base */ = {isa = PBXFileReference; lastKnownFileType = file.storyboard; name = Base; path = Base.lproj/LaunchScreen.storyboard; sourceTree = "<group>"; };
		D4DB5ECB25122F6D00FF014C /* Info.plist */ = {isa = PBXFileReference; lastKnownFileType = text.plist.xml; path = Info.plist; sourceTree = "<group>"; };
		D4DB5ED125122F8900FF014C /* AddCarView.swift */ = {isa = PBXFileReference; fileEncoding = 4; lastKnownFileType = sourcecode.swift; path = AddCarView.swift; sourceTree = "<group>"; };
		D4DC4B9425124106009DBD2B /* CarRow.swift */ = {isa = PBXFileReference; lastKnownFileType = sourcecode.swift; path = CarRow.swift; sourceTree = "<group>"; };
/* End PBXFileReference section */

/* Begin PBXFrameworksBuildPhase section */
		D4DB5EB425122F6C00FF014C /* Frameworks */ = {
			isa = PBXFrameworksBuildPhase;
			buildActionMask = 2147483647;
			files = (
			);
			runOnlyForDeploymentPostprocessing = 0;
		};
/* End PBXFrameworksBuildPhase section */

/* Begin PBXGroup section */
		D45617572513C68C003BF42A /* CoreData */ = {
			isa = PBXGroup;
			children = (
				D4DB5EBE25122F6C00FF014C /* CarsApp.xcdatamodeld */,
				D45617622513C847003BF42A /* CoreDataManager.swift */,
				D45617652513C9B7003BF42A /* CoreData+Extension.swift */,
			);
			path = CoreData;
			sourceTree = "<group>";
		};
		D45617582513C69A003BF42A /* Views */ = {
			isa = PBXGroup;
			children = (
				D4DB5EC125122F6C00FF014C /* ContentView.swift */,
				D4DC4B9425124106009DBD2B /* CarRow.swift */,
				D4255EED2515F0F8001C2C57 /* ListCars.swift */,
				D45617592513C6B4003BF42A /* ModalViews */,
			);
			path = Views;
			sourceTree = "<group>";
		};
		D45617592513C6B4003BF42A /* ModalViews */ = {
			isa = PBXGroup;
			children = (
				D4DB5ED125122F8900FF014C /* AddCarView.swift */,
				D45617682513D994003BF42A /* CarDetail.swift */,
			);
			path = ModalViews;
			sourceTree = "<group>";
		};
		D4DB5EAE25122F6C00FF014C = {
			isa = PBXGroup;
			children = (
				D4DB5EB925122F6C00FF014C /* CarsApp */,
				D4DB5EB825122F6C00FF014C /* Products */,
			);
			sourceTree = "<group>";
		};
		D4DB5EB825122F6C00FF014C /* Products */ = {
			isa = PBXGroup;
			children = (
				D4DB5EB725122F6C00FF014C /* CarsApp.app */,
			);
			name = Products;
			sourceTree = "<group>";
		};
		D4DB5EB925122F6C00FF014C /* CarsApp */ = {
			isa = PBXGroup;
			children = (
				D45617572513C68C003BF42A /* CoreData */,
				D45617582513C69A003BF42A /* Views */,
				D4DB5EBA25122F6C00FF014C /* AppDelegate.swift */,
				D4DB5EBC25122F6C00FF014C /* SceneDelegate.swift */,
				D4DB5EC325122F6D00FF014C /* Assets.xcassets */,
				D4DB5EC825122F6D00FF014C /* LaunchScreen.storyboard */,
				D4DB5ECB25122F6D00FF014C /* Info.plist */,
				D4DB5EC525122F6D00FF014C /* Preview Content */,
				D4B9CEEC25127FEE00ECF0C7 /* demo.swift */,
			);
			path = CarsApp;
			sourceTree = "<group>";
		};
		D4DB5EC525122F6D00FF014C /* Preview Content */ = {
			isa = PBXGroup;
			children = (
				D4DB5EC625122F6D00FF014C /* Preview Assets.xcassets */,
			);
			path = "Preview Content";
			sourceTree = "<group>";
		};
/* End PBXGroup section */

/* Begin PBXNativeTarget section */
		D4DB5EB625122F6C00FF014C /* CarsApp */ = {
			isa = PBXNativeTarget;
			buildConfigurationList = D4DB5ECE25122F6D00FF014C /* Build configuration list for PBXNativeTarget "CarsApp" */;
			buildPhases = (
				D4DB5EB325122F6C00FF014C /* Sources */,
				D4DB5EB425122F6C00FF014C /* Frameworks */,
				D4DB5EB525122F6C00FF014C /* Resources */,
			);
			buildRules = (
			);
			dependencies = (
			);
			name = CarsApp;
			productName = CarsApp;
			productReference = D4DB5EB725122F6C00FF014C /* CarsApp.app */;
			productType = "com.apple.product-type.application";
		};
/* End PBXNativeTarget section */

/* Begin PBXProject section */
		D4DB5EAF25122F6C00FF014C /* Project object */ = {
			isa = PBXProject;
			attributes = {
				LastSwiftUpdateCheck = 1170;
				LastUpgradeCheck = 1200;
				ORGANIZATIONNAME = "Кирилл Заборский";
				TargetAttributes = {
					D4DB5EB625122F6C00FF014C = {
						CreatedOnToolsVersion = 11.7;
					};
				};
			};
			buildConfigurationList = D4DB5EB225122F6C00FF014C /* Build configuration list for PBXProject "CarsApp" */;
			compatibilityVersion = "Xcode 9.3";
			developmentRegion = en;
			hasScannedForEncodings = 0;
			knownRegions = (
				en,
				Base,
			);
			mainGroup = D4DB5EAE25122F6C00FF014C;
			productRefGroup = D4DB5EB825122F6C00FF014C /* Products */;
			projectDirPath = "";
			projectRoot = "";
			targets = (
				D4DB5EB625122F6C00FF014C /* CarsApp */,
			);
		};
/* End PBXProject section */

/* Begin PBXResourcesBuildPhase section */
		D4DB5EB525122F6C00FF014C /* Resources */ = {
			isa = PBXResourcesBuildPhase;
			buildActionMask = 2147483647;
			files = (
				D4DB5ECA25122F6D00FF014C /* LaunchScreen.storyboard in Resources */,
				D4DB5EC725122F6D00FF014C /* Preview Assets.xcassets in Resources */,
				D4DB5EC425122F6D00FF014C /* Assets.xcassets in Resources */,
			);
			runOnlyForDeploymentPostprocessing = 0;
		};
/* End PBXResourcesBuildPhase section */

/* Begin PBXSourcesBuildPhase section */
		D4DB5EB325122F6C00FF014C /* Sources */ = {
			isa = PBXSourcesBuildPhase;
			buildActionMask = 2147483647;
			files = (
				D4DB5EC025122F6C00FF014C /* CarsApp.xcdatamodeld in Sources */,
				D4DB5EBB25122F6C00FF014C /* AppDelegate.swift in Sources */,
				D4B9CEED25127FEE00ECF0C7 /* demo.swift in Sources */,
				D4255EEE2515F0F8001C2C57 /* ListCars.swift in Sources */,
				D4DB5ED225122F8900FF014C /* AddCarView.swift in Sources */,
				D4DC4B9525124106009DBD2B /* CarRow.swift in Sources */,
				D45617692513D994003BF42A /* CarDetail.swift in Sources */,
				D4DB5EC225122F6C00FF014C /* ContentView.swift in Sources */,
				D45617632513C847003BF42A /* CoreDataManager.swift in Sources */,
				D4DB5EBD25122F6C00FF014C /* SceneDelegate.swift in Sources */,
				D45617662513C9B7003BF42A /* CoreData+Extension.swift in Sources */,
			);
			runOnlyForDeploymentPostprocessing = 0;
		};
/* End PBXSourcesBuildPhase section */

/* Begin PBXVariantGroup section */
		D4DB5EC825122F6D00FF014C /* LaunchScreen.storyboard */ = {
			isa = PBXVariantGroup;
			children = (
				D4DB5EC925122F6D00FF014C /* Base */,
			);
			name = LaunchScreen.storyboard;
			sourceTree = "<group>";
		};
/* End PBXVariantGroup section */

/* Begin XCBuildConfiguration section */
		D4DB5ECC25122F6D00FF014C /* Debug */ = {
			isa = XCBuildConfiguration;
			buildSettings = {
				ALWAYS_SEARCH_USER_PATHS = NO;
				CLANG_ANALYZER_NONNULL = YES;
				CLANG_ANALYZER_NUMBER_OBJECT_CONVERSION = YES_AGGRESSIVE;
				CLANG_CXX_LANGUAGE_STANDARD = "gnu++14";
				CLANG_CXX_LIBRARY = "libc++";
				CLANG_ENABLE_MODULES = YES;
				CLANG_ENABLE_OBJC_ARC = YES;
				CLANG_ENABLE_OBJC_WEAK = YES;
				CLANG_WARN_BLOCK_CAPTURE_AUTORELEASING = YES;
				CLANG_WARN_BOOL_CONVERSION = YES;
				CLANG_WARN_COMMA = YES;
				CLANG_WARN_CONSTANT_CONVERSION = YES;
				CLANG_WARN_DEPRECATED_OBJC_IMPLEMENTATIONS = YES;
				CLANG_WARN_DIRECT_OBJC_ISA_USAGE = YES_ERROR;
				CLANG_WARN_DOCUMENTATION_COMMENTS = YES;
				CLANG_WARN_EMPTY_BODY = YES;
				CLANG_WARN_ENUM_CONVERSION = YES;
				CLANG_WARN_INFINITE_RECURSION = YES;
				CLANG_WARN_INT_CONVERSION = YES;
				CLANG_WARN_NON_LITERAL_NULL_CONVERSION = YES;
				CLANG_WARN_OBJC_IMPLICIT_RETAIN_SELF = YES;
				CLANG_WARN_OBJC_LITERAL_CONVERSION = YES;
				CLANG_WARN_OBJC_ROOT_CLASS = YES_ERROR;
				CLANG_WARN_QUOTED_INCLUDE_IN_FRAMEWORK_HEADER = YES;
				CLANG_WARN_RANGE_LOOP_ANALYSIS = YES;
				CLANG_WARN_STRICT_PROTOTYPES = YES;
				CLANG_WARN_SUSPICIOUS_MOVE = YES;
				CLANG_WARN_UNGUARDED_AVAILABILITY = YES_AGGRESSIVE;
				CLANG_WARN_UNREACHABLE_CODE = YES;
				CLANG_WARN__DUPLICATE_METHOD_MATCH = YES;
				COPY_PHASE_STRIP = NO;
				DEBUG_INFORMATION_FORMAT = dwarf;
				ENABLE_STRICT_OBJC_MSGSEND = YES;
				ENABLE_TESTABILITY = YES;
				GCC_C_LANGUAGE_STANDARD = gnu11;
				GCC_DYNAMIC_NO_PIC = NO;
				GCC_NO_COMMON_BLOCKS = YES;
				GCC_OPTIMIZATION_LEVEL = 0;
				GCC_PREPROCESSOR_DEFINITIONS = (
					"DEBUG=1",
					"$(inherited)",
				);
				GCC_WARN_64_TO_32_BIT_CONVERSION = YES;
				GCC_WARN_ABOUT_RETURN_TYPE = YES_ERROR;
				GCC_WARN_UNDECLARED_SELECTOR = YES;
				GCC_WARN_UNINITIALIZED_AUTOS = YES_AGGRESSIVE;
				GCC_WARN_UNUSED_FUNCTION = YES;
				GCC_WARN_UNUSED_VARIABLE = YES;
				IPHONEOS_DEPLOYMENT_TARGET = 13.7;
				MTL_ENABLE_DEBUG_INFO = INCLUDE_SOURCE;
				MTL_FAST_MATH = YES;
				ONLY_ACTIVE_ARCH = YES;
				SDKROOT = iphoneos;
				SWIFT_ACTIVE_COMPILATION_CONDITIONS = DEBUG;
				SWIFT_OPTIMIZATION_LEVEL = "-Onone";
			};
			name = Debug;
		};
		D4DB5ECD25122F6D00FF014C /* Release */ = {
			isa = XCBuildConfiguration;
			buildSettings = {
				ALWAYS_SEARCH_USER_PATHS = NO;
				CLANG_ANALYZER_NONNULL = YES;
				CLANG_ANALYZER_NUMBER_OBJECT_CONVERSION = YES_AGGRESSIVE;
				CLANG_CXX_LANGUAGE_STANDARD = "gnu++14";
				CLANG_CXX_LIBRARY = "libc++";
				CLANG_ENABLE_MODULES = YES;
				CLANG_ENABLE_OBJC_ARC = YES;
				CLANG_ENABLE_OBJC_WEAK = YES;
				CLANG_WARN_BLOCK_CAPTURE_AUTORELEASING = YES;
				CLANG_WARN_BOOL_CONVERSION = YES;
				CLANG_WARN_COMMA = YES;
				CLANG_WARN_CONSTANT_CONVERSION = YES;
				CLANG_WARN_DEPRECATED_OBJC_IMPLEMENTATIONS = YES;
				CLANG_WARN_DIRECT_OBJC_ISA_USAGE = YES_ERROR;
				CLANG_WARN_DOCUMENTATION_COMMENTS = YES;
				CLANG_WARN_EMPTY_BODY = YES;
				CLANG_WARN_ENUM_CONVERSION = YES;
				CLANG_WARN_INFINITE_RECURSION = YES;
				CLANG_WARN_INT_CONVERSION = YES;
				CLANG_WARN_NON_LITERAL_NULL_CONVERSION = YES;
				CLANG_WARN_OBJC_IMPLICIT_RETAIN_SELF = YES;
				CLANG_WARN_OBJC_LITERAL_CONVERSION = YES;
				CLANG_WARN_OBJC_ROOT_CLASS = YES_ERROR;
				CLANG_WARN_QUOTED_INCLUDE_IN_FRAMEWORK_HEADER = YES;
				CLANG_WARN_RANGE_LOOP_ANALYSIS = YES;
				CLANG_WARN_STRICT_PROTOTYPES = YES;
				CLANG_WARN_SUSPICIOUS_MOVE = YES;
				CLANG_WARN_UNGUARDED_AVAILABILITY = YES_AGGRESSIVE;
				CLANG_WARN_UNREACHABLE_CODE = YES;
				CLANG_WARN__DUPLICATE_METHOD_MATCH = YES;
				COPY_PHASE_STRIP = NO;
				DEBUG_INFORMATION_FORMAT = "dwarf-with-dsym";
				ENABLE_NS_ASSERTIONS = NO;
				ENABLE_STRICT_OBJC_MSGSEND = YES;
				GCC_C_LANGUAGE_STANDARD = gnu11;
				GCC_NO_COMMON_BLOCKS = YES;
				GCC_WARN_64_TO_32_BIT_CONVERSION = YES;
				GCC_WARN_ABOUT_RETURN_TYPE = YES_ERROR;
				GCC_WARN_UNDECLARED_SELECTOR = YES;
				GCC_WARN_UNINITIALIZED_AUTOS = YES_AGGRESSIVE;
				GCC_WARN_UNUSED_FUNCTION = YES;
				GCC_WARN_UNUSED_VARIABLE = YES;
				IPHONEOS_DEPLOYMENT_TARGET = 13.7;
				MTL_ENABLE_DEBUG_INFO = NO;
				MTL_FAST_MATH = YES;
				SDKROOT = iphoneos;
				SWIFT_COMPILATION_MODE = wholemodule;
				SWIFT_OPTIMIZATION_LEVEL = "-O";
				VALIDATE_PRODUCT = YES;
			};
			name = Release;
		};
		D4DB5ECF25122F6D00FF014C /* Debug */ = {
			isa = XCBuildConfiguration;
			buildSettings = {
				ASSETCATALOG_COMPILER_APPICON_NAME = AppIcon;
				CODE_SIGN_STYLE = Automatic;
				DEVELOPMENT_ASSET_PATHS = "\"CarsApp/Preview Content\"";
				DEVELOPMENT_TEAM = KK52K32PD5;
				ENABLE_PREVIEWS = YES;
				INFOPLIST_FILE = CarsApp/Info.plist;
				LD_RUNPATH_SEARCH_PATHS = (
					"$(inherited)",
					"@executable_path/Frameworks",
				);
				PRODUCT_BUNDLE_IDENTIFIER = "Kirill-Zaborsky.CarsApp";
				PRODUCT_NAME = "$(TARGET_NAME)";
				SWIFT_VERSION = 5.0;
				TARGETED_DEVICE_FAMILY = "1,2";
			};
			name = Debug;
		};
		D4DB5ED025122F6D00FF014C /* Release */ = {
			isa = XCBuildConfiguration;
			buildSettings = {
				ASSETCATALOG_COMPILER_APPICON_NAME = AppIcon;
				CODE_SIGN_STYLE = Automatic;
				DEVELOPMENT_ASSET_PATHS = "\"CarsApp/Preview Content\"";
				DEVELOPMENT_TEAM = KK52K32PD5;
				ENABLE_PREVIEWS = YES;
				INFOPLIST_FILE = CarsApp/Info.plist;
				LD_RUNPATH_SEARCH_PATHS = (
					"$(inherited)",
					"@executable_path/Frameworks",
				);
				PRODUCT_BUNDLE_IDENTIFIER = "Kirill-Zaborsky.CarsApp";
				PRODUCT_NAME = "$(TARGET_NAME)";
				SWIFT_VERSION = 5.0;
				TARGETED_DEVICE_FAMILY = "1,2";
			};
			name = Release;
		};
/* End XCBuildConfiguration section */

/* Begin XCConfigurationList section */
		D4DB5EB225122F6C00FF014C /* Build configuration list for PBXProject "CarsApp" */ = {
			isa = XCConfigurationList;
			buildConfigurations = (
				D4DB5ECC25122F6D00FF014C /* Debug */,
				D4DB5ECD25122F6D00FF014C /* Release */,
			);
			defaultConfigurationIsVisible = 0;
			defaultConfigurationName = Release;
		};
		D4DB5ECE25122F6D00FF014C /* Build configuration list for PBXNativeTarget "CarsApp" */ = {
			isa = XCConfigurationList;
			buildConfigurations = (
				D4DB5ECF25122F6D00FF014C /* Debug */,
				D4DB5ED025122F6D00FF014C /* Release */,
			);
			defaultConfigurationIsVisible = 0;
			defaultConfigurationName = Release;
		};
/* End XCConfigurationList section */

/* Begin XCVersionGroup section */
		D4DB5EBE25122F6C00FF014C /* CarsApp.xcdatamodeld */ = {
			isa = XCVersionGroup;
			children = (
				D4DB5EBF25122F6C00FF014C /* CarsApp.xcdatamodel */,
			);
			currentVersion = D4DB5EBF25122F6C00FF014C /* CarsApp.xcdatamodel */;
			path = CarsApp.xcdatamodeld;
			sourceTree = "<group>";
			versionGroupType = wrapper.xcdatamodel;
		};
/* End XCVersionGroup section */
	};
	rootObject = D4DB5EAF25122F6C00FF014C /* Project object */;
}
